
Microsoft Visual Studio Solution File, Format Version 12.00
# Visual Studio Version 17
VisualStudioVersion = 17.3.32825.248
MinimumVisualStudioVersion = 10.0.40219.1
Project("{FAE04EC0-301F-11D3-BF4B-00C04F79EFBC}") = "CourseProject", "CourseProject\CourseProject.csproj", "{CE6CD45B-D37F-4BA0-A684-95E4C41C3D65}"
EndProject
Project("{FAE04EC0-301F-11D3-BF4B-00C04F79EFBC}") = "DataLayer", "DataLayer\DataLayer.csproj", "{216E7674-F1B7-4B5A-B40E-DC4B69C68925}"
EndProject
Global
	GlobalSection(SolutionConfigurationPlatforms) = preSolution
		Debug|Any CPU = Debug|Any CPU
		Release|Any CPU = Release|Any CPU
	EndGlobalSection
	GlobalSection(ProjectConfigurationPlatforms) = postSolution
		{CE6CD45B-D37F-4BA0-A684-95E4C41C3D65}.Debug|Any CPU.ActiveCfg = Debug|Any CPU
		{CE6CD45B-D37F-4BA0-A684-95E4C41C3D65}.Debug|Any CPU.Build.0 = Debug|Any CPU
		{CE6CD45B-D37F-4BA0-A684-95E4C41C3D65}.Release|Any CPU.ActiveCfg = Release|Any CPU
		{CE6CD45B-D37F-4BA0-A684-95E4C41C3D65}.Release|Any CPU.Build.0 = Release|Any CPU
		{216E7674-F1B7-4B5A-B40E-DC4B69C68925}.Debug|Any CPU.ActiveCfg = Debug|Any CPU
		{216E7674-F1B7-4B5A-B40E-DC4B69C68925}.Debug|Any CPU.Build.0 = Debug|Any CPU
		{216E7674-F1B7-4B5A-B40E-DC4B69C68925}.Release|Any CPU.ActiveCfg = Release|Any CPU
		{216E7674-F1B7-4B5A-B40E-DC4B69C68925}.Release|Any CPU.Build.0 = Release|Any CPU
	EndGlobalSection
	GlobalSection(SolutionProperties) = preSolution
		HideSolutionNode = FALSE
	EndGlobalSection
	GlobalSection(ExtensibilityGlobals) = postSolution
		SolutionGuid = {1C643926-9C9D-4EB6-85FB-EC2B142FAC54}
	EndGlobalSection
EndGlobal
